
Microsoft Visual Studio Solution File, Format Version 12.00
# Visual Studio Version 17
VisualStudioVersion = 17.0.32126.317
MinimumVisualStudioVersion = 10.0.40219.1
Project("{FAE04EC0-301F-11D3-BF4B-00C04F79EFBC}") = "ADONET", "ADONET\ADONET.csproj", "{8BE89C6D-1D77-4BC7-BA4A-D88AF110238D}"
EndProject
Project("{FAE04EC0-301F-11D3-BF4B-00C04F79EFBC}") = "LINQ", "LINQ\LINQ.csproj", "{94D12365-F14A-456E-9290-213523BE3C8F}"
EndProject
Project("{FAE04EC0-301F-11D3-BF4B-00C04F79EFBC}") = "CodeFirst", "CodeFirst\CodeFirst.csproj", "{C4301072-CCA4-45F7-AC64-234220794B60}"
EndProject
Project("{FAE04EC0-301F-11D3-BF4B-00C04F79EFBC}") = "Test", "Test\Test.csproj", "{D755321F-A719-4F0B-B305-22F67E72C64B}"
EndProject
Project("{FAE04EC0-301F-11D3-BF4B-00C04F79EFBC}") = "Test2", "Test2\Test2.csproj", "{F2EF5902-18ED-472B-A73B-1C7FD49059F1}"
EndProject
Global
	GlobalSection(SolutionConfigurationPlatforms) = preSolution
		Debug|Any CPU = Debug|Any CPU
		Release|Any CPU = Release|Any CPU
	EndGlobalSection
	GlobalSection(ProjectConfigurationPlatforms) = postSolution
		{8BE89C6D-1D77-4BC7-BA4A-D88AF110238D}.Debug|Any CPU.ActiveCfg = Debug|Any CPU
		{8BE89C6D-1D77-4BC7-BA4A-D88AF110238D}.Debug|Any CPU.Build.0 = Debug|Any CPU
		{8BE89C6D-1D77-4BC7-BA4A-D88AF110238D}.Release|Any CPU.ActiveCfg = Release|Any CPU
		{8BE89C6D-1D77-4BC7-BA4A-D88AF110238D}.Release|Any CPU.Build.0 = Release|Any CPU
		{94D12365-F14A-456E-9290-213523BE3C8F}.Debug|Any CPU.ActiveCfg = Debug|Any CPU
		{94D12365-F14A-456E-9290-213523BE3C8F}.Debug|Any CPU.Build.0 = Debug|Any CPU
		{94D12365-F14A-456E-9290-213523BE3C8F}.Release|Any CPU.ActiveCfg = Release|Any CPU
		{94D12365-F14A-456E-9290-213523BE3C8F}.Release|Any CPU.Build.0 = Release|Any CPU
		{C4301072-CCA4-45F7-AC64-234220794B60}.Debug|Any CPU.ActiveCfg = Debug|Any CPU
		{C4301072-CCA4-45F7-AC64-234220794B60}.Debug|Any CPU.Build.0 = Debug|Any CPU
		{C4301072-CCA4-45F7-AC64-234220794B60}.Release|Any CPU.ActiveCfg = Release|Any CPU
		{C4301072-CCA4-45F7-AC64-234220794B60}.Release|Any CPU.Build.0 = Release|Any CPU
		{D755321F-A719-4F0B-B305-22F67E72C64B}.Debug|Any CPU.ActiveCfg = Debug|Any CPU
		{D755321F-A719-4F0B-B305-22F67E72C64B}.Debug|Any CPU.Build.0 = Debug|Any CPU
		{D755321F-A719-4F0B-B305-22F67E72C64B}.Release|Any CPU.ActiveCfg = Release|Any CPU
		{D755321F-A719-4F0B-B305-22F67E72C64B}.Release|Any CPU.Build.0 = Release|Any CPU
		{F2EF5902-18ED-472B-A73B-1C7FD49059F1}.Debug|Any CPU.ActiveCfg = Debug|Any CPU
		{F2EF5902-18ED-472B-A73B-1C7FD49059F1}.Debug|Any CPU.Build.0 = Debug|Any CPU
		{F2EF5902-18ED-472B-A73B-1C7FD49059F1}.Release|Any CPU.ActiveCfg = Release|Any CPU
		{F2EF5902-18ED-472B-A73B-1C7FD49059F1}.Release|Any CPU.Build.0 = Release|Any CPU
	EndGlobalSection
	GlobalSection(SolutionProperties) = preSolution
		HideSolutionNode = FALSE
	EndGlobalSection
	GlobalSection(ExtensibilityGlobals) = postSolution
		SolutionGuid = {CAB02E88-48EF-489D-9A01-00BDDFAF2FD2}
	EndGlobalSection
EndGlobal
